
Microsoft Visual Studio Solution File, Format Version 12.00
# Visual Studio Version 16
VisualStudioVersion = 16.0.31613.86
MinimumVisualStudioVersion = 10.0.40219.1
Project("{C7167F0D-BC9F-4E6E-AFE1-012C56B48DB5}") = "Multitool WinUI (Package)", "Multitool WinUI (Package)\Multitool WinUI (Package).wapproj", "{64E43ABB-C18E-4485-9B79-BECC6CA81BB4}"
EndProject
Project("{9A19103F-16F7-4668-BE54-9A1E7A4F7556}") = "Multitool WinUI", "Multitool WinUI\Multitool WinUI.csproj", "{61C93FE6-BD83-4D8C-B8FB-29B468A04C1E}"
EndProject
Project("{9A19103F-16F7-4668-BE54-9A1E7A4F7556}") = "Multitool BL", "Multitool BL\Multitool BL.csproj", "{F45748A7-CBC8-4479-A244-4614E05A8947}"
EndProject
Project("{2150E333-8FDC-42A3-9474-1A3956D46DE8}") = "Solution Items", "Solution Items", "{D6BD490B-0700-46C3-861C-7B4AFD8A4388}"
	ProjectSection(SolutionItems) = preProject
		.editorconfig = .editorconfig
	EndProjectSection
EndProject
Project("{9A19103F-16F7-4668-BE54-9A1E7A4F7556}") = "Multitool.DAL", "MultitoolDAL\Multitool.DAL.csproj", "{B66BB845-E15D-4D32-BC5C-CEAEF44416C1}"
EndProject
Project("{9A19103F-16F7-4668-BE54-9A1E7A4F7556}") = "Multitool.Net", "Multitool.Net\Multitool.Net.csproj", "{94E25D51-196C-4F18-A252-A8F985405B9C}"
EndProject
Global
	GlobalSection(SolutionConfigurationPlatforms) = preSolution
		Debug|Any CPU = Debug|Any CPU
		Debug|arm64 = Debug|arm64
		Debug|x64 = Debug|x64
		Debug|x86 = Debug|x86
		Release|Any CPU = Release|Any CPU
		Release|arm64 = Release|arm64
		Release|x64 = Release|x64
		Release|x86 = Release|x86
	EndGlobalSection
	GlobalSection(ProjectConfigurationPlatforms) = postSolution
		{64E43ABB-C18E-4485-9B79-BECC6CA81BB4}.Debug|Any CPU.ActiveCfg = Debug|x86
		{64E43ABB-C18E-4485-9B79-BECC6CA81BB4}.Debug|arm64.ActiveCfg = Debug|arm64
		{64E43ABB-C18E-4485-9B79-BECC6CA81BB4}.Debug|arm64.Build.0 = Debug|arm64
		{64E43ABB-C18E-4485-9B79-BECC6CA81BB4}.Debug|arm64.Deploy.0 = Debug|arm64
		{64E43ABB-C18E-4485-9B79-BECC6CA81BB4}.Debug|x64.ActiveCfg = Debug|x64
		{64E43ABB-C18E-4485-9B79-BECC6CA81BB4}.Debug|x64.Build.0 = Debug|x64
		{64E43ABB-C18E-4485-9B79-BECC6CA81BB4}.Debug|x64.Deploy.0 = Debug|x64
		{64E43ABB-C18E-4485-9B79-BECC6CA81BB4}.Debug|x86.ActiveCfg = Debug|x86
		{64E43ABB-C18E-4485-9B79-BECC6CA81BB4}.Debug|x86.Build.0 = Debug|x86
		{64E43ABB-C18E-4485-9B79-BECC6CA81BB4}.Debug|x86.Deploy.0 = Debug|x86
		{64E43ABB-C18E-4485-9B79-BECC6CA81BB4}.Release|Any CPU.ActiveCfg = Release|x86
		{64E43ABB-C18E-4485-9B79-BECC6CA81BB4}.Release|arm64.ActiveCfg = Release|arm64
		{64E43ABB-C18E-4485-9B79-BECC6CA81BB4}.Release|arm64.Build.0 = Release|arm64
		{64E43ABB-C18E-4485-9B79-BECC6CA81BB4}.Release|arm64.Deploy.0 = Release|arm64
		{64E43ABB-C18E-4485-9B79-BECC6CA81BB4}.Release|x64.ActiveCfg = Release|x64
		{64E43ABB-C18E-4485-9B79-BECC6CA81BB4}.Release|x64.Build.0 = Release|x64
		{64E43ABB-C18E-4485-9B79-BECC6CA81BB4}.Release|x64.Deploy.0 = Release|x64
		{64E43ABB-C18E-4485-9B79-BECC6CA81BB4}.Release|x86.ActiveCfg = Release|x86
		{64E43ABB-C18E-4485-9B79-BECC6CA81BB4}.Release|x86.Build.0 = Release|x86
		{64E43ABB-C18E-4485-9B79-BECC6CA81BB4}.Release|x86.Deploy.0 = Release|x86
		{61C93FE6-BD83-4D8C-B8FB-29B468A04C1E}.Debug|Any CPU.ActiveCfg = Debug|x86
		{61C93FE6-BD83-4D8C-B8FB-29B468A04C1E}.Debug|arm64.ActiveCfg = Debug|arm64
		{61C93FE6-BD83-4D8C-B8FB-29B468A04C1E}.Debug|arm64.Build.0 = Debug|arm64
		{61C93FE6-BD83-4D8C-B8FB-29B468A04C1E}.Debug|x64.ActiveCfg = Debug|x64
		{61C93FE6-BD83-4D8C-B8FB-29B468A04C1E}.Debug|x64.Build.0 = Debug|x64
		{61C93FE6-BD83-4D8C-B8FB-29B468A04C1E}.Debug|x86.ActiveCfg = Debug|x86
		{61C93FE6-BD83-4D8C-B8FB-29B468A04C1E}.Debug|x86.Build.0 = Debug|x86
		{61C93FE6-BD83-4D8C-B8FB-29B468A04C1E}.Release|Any CPU.ActiveCfg = Release|x86
		{61C93FE6-BD83-4D8C-B8FB-29B468A04C1E}.Release|arm64.ActiveCfg = Release|arm64
		{61C93FE6-BD83-4D8C-B8FB-29B468A04C1E}.Release|arm64.Build.0 = Release|arm64
		{61C93FE6-BD83-4D8C-B8FB-29B468A04C1E}.Release|x64.ActiveCfg = Release|x64
		{61C93FE6-BD83-4D8C-B8FB-29B468A04C1E}.Release|x64.Build.0 = Release|x64
		{61C93FE6-BD83-4D8C-B8FB-29B468A04C1E}.Release|x86.ActiveCfg = Release|x86
		{61C93FE6-BD83-4D8C-B8FB-29B468A04C1E}.Release|x86.Build.0 = Release|x86
		{F45748A7-CBC8-4479-A244-4614E05A8947}.Debug|Any CPU.ActiveCfg = Debug|Any CPU
		{F45748A7-CBC8-4479-A244-4614E05A8947}.Debug|Any CPU.Build.0 = Debug|Any CPU
		{F45748A7-CBC8-4479-A244-4614E05A8947}.Debug|arm64.ActiveCfg = Debug|Any CPU
		{F45748A7-CBC8-4479-A244-4614E05A8947}.Debug|arm64.Build.0 = Debug|Any CPU
		{F45748A7-CBC8-4479-A244-4614E05A8947}.Debug|x64.ActiveCfg = Debug|Any CPU
		{F45748A7-CBC8-4479-A244-4614E05A8947}.Debug|x64.Build.0 = Debug|Any CPU
		{F45748A7-CBC8-4479-A244-4614E05A8947}.Debug|x86.ActiveCfg = Debug|Any CPU
		{F45748A7-CBC8-4479-A244-4614E05A8947}.Debug|x86.Build.0 = Debug|Any CPU
		{F45748A7-CBC8-4479-A244-4614E05A8947}.Release|Any CPU.ActiveCfg = Release|Any CPU
		{F45748A7-CBC8-4479-A244-4614E05A8947}.Release|Any CPU.Build.0 = Release|Any CPU
		{F45748A7-CBC8-4479-A244-4614E05A8947}.Release|arm64.ActiveCfg = Release|Any CPU
		{F45748A7-CBC8-4479-A244-4614E05A8947}.Release|arm64.Build.0 = Release|Any CPU
		{F45748A7-CBC8-4479-A244-4614E05A8947}.Release|x64.ActiveCfg = Release|Any CPU
		{F45748A7-CBC8-4479-A244-4614E05A8947}.Release|x64.Build.0 = Release|Any CPU
		{F45748A7-CBC8-4479-A244-4614E05A8947}.Release|x86.ActiveCfg = Release|Any CPU
		{F45748A7-CBC8-4479-A244-4614E05A8947}.Release|x86.Build.0 = Release|Any CPU
		{B66BB845-E15D-4D32-BC5C-CEAEF44416C1}.Debug|Any CPU.ActiveCfg = Debug|Any CPU
		{B66BB845-E15D-4D32-BC5C-CEAEF44416C1}.Debug|Any CPU.Build.0 = Debug|Any CPU
		{B66BB845-E15D-4D32-BC5C-CEAEF44416C1}.Debug|arm64.ActiveCfg = Debug|Any CPU
		{B66BB845-E15D-4D32-BC5C-CEAEF44416C1}.Debug|arm64.Build.0 = Debug|Any CPU
		{B66BB845-E15D-4D32-BC5C-CEAEF44416C1}.Debug|x64.ActiveCfg = Debug|Any CPU
		{B66BB845-E15D-4D32-BC5C-CEAEF44416C1}.Debug|x64.Build.0 = Debug|Any CPU
		{B66BB845-E15D-4D32-BC5C-CEAEF44416C1}.Debug|x86.ActiveCfg = Debug|Any CPU
		{B66BB845-E15D-4D32-BC5C-CEAEF44416C1}.Debug|x86.Build.0 = Debug|Any CPU
		{B66BB845-E15D-4D32-BC5C-CEAEF44416C1}.Release|Any CPU.ActiveCfg = Release|Any CPU
		{B66BB845-E15D-4D32-BC5C-CEAEF44416C1}.Release|Any CPU.Build.0 = Release|Any CPU
		{B66BB845-E15D-4D32-BC5C-CEAEF44416C1}.Release|arm64.ActiveCfg = Release|Any CPU
		{B66BB845-E15D-4D32-BC5C-CEAEF44416C1}.Release|arm64.Build.0 = Release|Any CPU
		{B66BB845-E15D-4D32-BC5C-CEAEF44416C1}.Release|x64.ActiveCfg = Release|Any CPU
		{B66BB845-E15D-4D32-BC5C-CEAEF44416C1}.Release|x64.Build.0 = Release|Any CPU
		{B66BB845-E15D-4D32-BC5C-CEAEF44416C1}.Release|x86.ActiveCfg = Release|Any CPU
		{B66BB845-E15D-4D32-BC5C-CEAEF44416C1}.Release|x86.Build.0 = Release|Any CPU
		{94E25D51-196C-4F18-A252-A8F985405B9C}.Debug|Any CPU.ActiveCfg = Debug|Any CPU
		{94E25D51-196C-4F18-A252-A8F985405B9C}.Debug|Any CPU.Build.0 = Debug|Any CPU
		{94E25D51-196C-4F18-A252-A8F985405B9C}.Debug|arm64.ActiveCfg = Debug|Any CPU
		{94E25D51-196C-4F18-A252-A8F985405B9C}.Debug|arm64.Build.0 = Debug|Any CPU
		{94E25D51-196C-4F18-A252-A8F985405B9C}.Debug|x64.ActiveCfg = Debug|Any CPU
		{94E25D51-196C-4F18-A252-A8F985405B9C}.Debug|x64.Build.0 = Debug|Any CPU
		{94E25D51-196C-4F18-A252-A8F985405B9C}.Debug|x86.ActiveCfg = Debug|Any CPU
		{94E25D51-196C-4F18-A252-A8F985405B9C}.Debug|x86.Build.0 = Debug|Any CPU
		{94E25D51-196C-4F18-A252-A8F985405B9C}.Release|Any CPU.ActiveCfg = Release|Any CPU
		{94E25D51-196C-4F18-A252-A8F985405B9C}.Release|Any CPU.Build.0 = Release|Any CPU
		{94E25D51-196C-4F18-A252-A8F985405B9C}.Release|arm64.ActiveCfg = Release|Any CPU
		{94E25D51-196C-4F18-A252-A8F985405B9C}.Release|arm64.Build.0 = Release|Any CPU
		{94E25D51-196C-4F18-A252-A8F985405B9C}.Release|x64.ActiveCfg = Release|Any CPU
		{94E25D51-196C-4F18-A252-A8F985405B9C}.Release|x64.Build.0 = Release|Any CPU
		{94E25D51-196C-4F18-A252-A8F985405B9C}.Release|x86.ActiveCfg = Release|Any CPU
		{94E25D51-196C-4F18-A252-A8F985405B9C}.Release|x86.Build.0 = Release|Any CPU
	EndGlobalSection
	GlobalSection(SolutionProperties) = preSolution
		HideSolutionNode = FALSE
	EndGlobalSection
	GlobalSection(ExtensibilityGlobals) = postSolution
		SolutionGuid = {1FA73BA5-F093-47A4-BFC5-9C64D6AFF28E}
	EndGlobalSection
EndGlobal
